
Microsoft Visual Studio Solution File, Format Version 12.00
# Visual Studio 2012
Project("{FAE04EC0-301F-11D3-BF4B-00C04F79EFBC}") = "Touhou", "Touhou\Touhou\Touhou.csproj", "{725C0936-FD33-43C6-8314-AB18CB7A1194}"
EndProject
Project("{96E2B04D-8817-42C6-938A-82C39BA4D311}") = "TouhouContent", "Touhou\TouhouContent\TouhouContent.contentproj", "{8BAE9A81-B2E8-4945-96F8-D0D2728A8104}"
EndProject
Global
	GlobalSection(SolutionConfigurationPlatforms) = preSolution
		Debug|Xbox 360 = Debug|Xbox 360
		Release|Xbox 360 = Release|Xbox 360
	EndGlobalSection
	GlobalSection(ProjectConfigurationPlatforms) = postSolution
		{725C0936-FD33-43C6-8314-AB18CB7A1194}.Debug|Xbox 360.ActiveCfg = Debug|Xbox 360
		{725C0936-FD33-43C6-8314-AB18CB7A1194}.Debug|Xbox 360.Build.0 = Debug|Xbox 360
		{725C0936-FD33-43C6-8314-AB18CB7A1194}.Debug|Xbox 360.Deploy.0 = Debug|Xbox 360
		{725C0936-FD33-43C6-8314-AB18CB7A1194}.Release|Xbox 360.ActiveCfg = Release|Xbox 360
		{725C0936-FD33-43C6-8314-AB18CB7A1194}.Release|Xbox 360.Build.0 = Release|Xbox 360
		{725C0936-FD33-43C6-8314-AB18CB7A1194}.Release|Xbox 360.Deploy.0 = Release|Xbox 360
		{8BAE9A81-B2E8-4945-96F8-D0D2728A8104}.Debug|Xbox 360.ActiveCfg = Debug|Xbox 360
		{8BAE9A81-B2E8-4945-96F8-D0D2728A8104}.Release|Xbox 360.ActiveCfg = Release|Xbox 360
	EndGlobalSection
	GlobalSection(SolutionProperties) = preSolution
		HideSolutionNode = FALSE
	EndGlobalSection
EndGlobal
