
Microsoft Visual Studio Solution File, Format Version 12.00
# Visual Studio 2012
Project("{FAE04EC0-301F-11D3-BF4B-00C04F79EFBC}") = "Touhou", "Touhou\Touhou\Touhou.csproj", "{7CC29A37-D329-4755-AA01-C7D256F88834}"
EndProject
Project("{FAE04EC0-301F-11D3-BF4B-00C04F79EFBC}") = "TouhouContent", "Touhou\TouhouContent\TouhouContent.contentproj", "{7F0C2EA4-6E73-4284-9544-EF6C304940D2}"
EndProject
Project("{F184B08F-C81C-45F6-A57F-5ABD9991F28F}") = "RuntimeSelector", "RuntimeSelector\RuntimeSelector.vbproj", "{D1EE527E-551D-4FF4-A15B-F52667ECD74C}"
EndProject
Project("{888888A0-9F3D-457C-B088-3A5042F75D52}") = "PythonScripts", "Touhou\Touhou\PythonScripts\PythonScripts.pyproj", "{B48691EB-D313-43D0-AC05-E3B11949A4B2}"
EndProject
Global
	GlobalSection(SolutionConfigurationPlatforms) = preSolution
		Debug|Any CPU = Debug|Any CPU
		Debug|Mixed Platforms = Debug|Mixed Platforms
		Debug|x86 = Debug|x86
		Release|Any CPU = Release|Any CPU
		Release|Mixed Platforms = Release|Mixed Platforms
		Release|x86 = Release|x86
	EndGlobalSection
	GlobalSection(ProjectConfigurationPlatforms) = postSolution
		{7CC29A37-D329-4755-AA01-C7D256F88834}.Debug|Any CPU.ActiveCfg = Debug|x86
		{7CC29A37-D329-4755-AA01-C7D256F88834}.Debug|Mixed Platforms.ActiveCfg = Debug|x86
		{7CC29A37-D329-4755-AA01-C7D256F88834}.Debug|Mixed Platforms.Build.0 = Debug|x86
		{7CC29A37-D329-4755-AA01-C7D256F88834}.Debug|x86.ActiveCfg = Debug|x86
		{7CC29A37-D329-4755-AA01-C7D256F88834}.Debug|x86.Build.0 = Debug|x86
		{7CC29A37-D329-4755-AA01-C7D256F88834}.Release|Any CPU.ActiveCfg = Release|x86
		{7CC29A37-D329-4755-AA01-C7D256F88834}.Release|Mixed Platforms.ActiveCfg = Release|x86
		{7CC29A37-D329-4755-AA01-C7D256F88834}.Release|Mixed Platforms.Build.0 = Release|x86
		{7CC29A37-D329-4755-AA01-C7D256F88834}.Release|x86.ActiveCfg = Release|x86
		{7CC29A37-D329-4755-AA01-C7D256F88834}.Release|x86.Build.0 = Release|x86
		{7F0C2EA4-6E73-4284-9544-EF6C304940D2}.Debug|Any CPU.ActiveCfg = Debug|x86
		{7F0C2EA4-6E73-4284-9544-EF6C304940D2}.Debug|Mixed Platforms.ActiveCfg = Debug|x86
		{7F0C2EA4-6E73-4284-9544-EF6C304940D2}.Debug|x86.ActiveCfg = Debug|x86
		{7F0C2EA4-6E73-4284-9544-EF6C304940D2}.Debug|x86.Build.0 = Debug|x86
		{7F0C2EA4-6E73-4284-9544-EF6C304940D2}.Release|Any CPU.ActiveCfg = Release|x86
		{7F0C2EA4-6E73-4284-9544-EF6C304940D2}.Release|Mixed Platforms.ActiveCfg = Release|x86
		{7F0C2EA4-6E73-4284-9544-EF6C304940D2}.Release|x86.ActiveCfg = Release|x86
		{D1EE527E-551D-4FF4-A15B-F52667ECD74C}.Debug|Any CPU.ActiveCfg = Debug|Any CPU
		{D1EE527E-551D-4FF4-A15B-F52667ECD74C}.Debug|Any CPU.Build.0 = Debug|Any CPU
		{D1EE527E-551D-4FF4-A15B-F52667ECD74C}.Debug|Mixed Platforms.ActiveCfg = Debug|Any CPU
		{D1EE527E-551D-4FF4-A15B-F52667ECD74C}.Debug|x86.ActiveCfg = Debug|Any CPU
		{D1EE527E-551D-4FF4-A15B-F52667ECD74C}.Release|Any CPU.ActiveCfg = Release|Any CPU
		{D1EE527E-551D-4FF4-A15B-F52667ECD74C}.Release|Any CPU.Build.0 = Release|Any CPU
		{D1EE527E-551D-4FF4-A15B-F52667ECD74C}.Release|Mixed Platforms.ActiveCfg = Release|Any CPU
		{D1EE527E-551D-4FF4-A15B-F52667ECD74C}.Release|x86.ActiveCfg = Release|Any CPU
		{B48691EB-D313-43D0-AC05-E3B11949A4B2}.Debug|Any CPU.ActiveCfg = Debug|Any CPU
		{B48691EB-D313-43D0-AC05-E3B11949A4B2}.Debug|Mixed Platforms.ActiveCfg = Debug|Any CPU
		{B48691EB-D313-43D0-AC05-E3B11949A4B2}.Debug|x86.ActiveCfg = Debug|Any CPU
		{B48691EB-D313-43D0-AC05-E3B11949A4B2}.Release|Any CPU.ActiveCfg = Release|Any CPU
		{B48691EB-D313-43D0-AC05-E3B11949A4B2}.Release|Mixed Platforms.ActiveCfg = Release|Any CPU
		{B48691EB-D313-43D0-AC05-E3B11949A4B2}.Release|x86.ActiveCfg = Release|Any CPU
	EndGlobalSection
	GlobalSection(SolutionProperties) = preSolution
		HideSolutionNode = FALSE
	EndGlobalSection
EndGlobal
